# THIS IS AN AUTOGENERATED FILE. DO NOT EDIT THIS FILE DIRECTLY.
# yarn lockfile v1


"@mediapipe/tasks-vision@^0.1.0-alpha-14":
  version "0.1.0-alpha-14"
  resolved "https://registry.npmjs.org/@mediapipe/tasks-vision/-/tasks-vision-0.1.0-alpha-14.tgz"
  integrity sha512-YTuG6mblRqfivt1ATczMWP7B2jt4eyHd3i9QD7JJoJ6kwpT9yW+lMXeyncCXIKps+u6ooPTNVBB55L06E1R8wg==
